
Microsoft Visual Studio Solution File, Format Version 12.00
# Visual Studio Version 17
VisualStudioVersion = 17.14.36908.2 d17.14
MinimumVisualStudioVersion = 10.0.40219.1
Project("{FAE04EC0-301F-11D3-BF4B-00C04F79EFBC}") = "datntdev.Fabric.PipelineRunsViewer", "datntdev.Fabric.PipelineRunsViewer\datntdev.Fabric.PipelineRunsViewer.csproj", "{A8645DD5-242C-417C-9DF0-1EB5662172C3}"
EndProject
Global
	GlobalSection(SolutionConfigurationPlatforms) = preSolution
		Debug|Any CPU = Debug|Any CPU
		Release|Any CPU = Release|Any CPU
	EndGlobalSection
	GlobalSection(ProjectConfigurationPlatforms) = postSolution
		{A8645DD5-242C-417C-9DF0-1EB5662172C3}.Debug|Any CPU.ActiveCfg = Debug|Any CPU
		{A8645DD5-242C-417C-9DF0-1EB5662172C3}.Debug|Any CPU.Build.0 = Debug|Any CPU
		{A8645DD5-242C-417C-9DF0-1EB5662172C3}.Release|Any CPU.ActiveCfg = Release|Any CPU
		{A8645DD5-242C-417C-9DF0-1EB5662172C3}.Release|Any CPU.Build.0 = Release|Any CPU
	EndGlobalSection
	GlobalSection(SolutionProperties) = preSolution
		HideSolutionNode = FALSE
	EndGlobalSection
	GlobalSection(ExtensibilityGlobals) = postSolution
		SolutionGuid = {30C1965F-FA74-46EE-A25B-2497E77E1A1E}
	EndGlobalSection
EndGlobal
